// !$*UTF8*$!
{
	archiveVersion = 1;
	classes = {
	};
	objectVersion = 48;
	objects = {

/* Begin PBXBuildFile section */
		82B18E792076235C005FE02E /* AppDelegate.m in Sources */ = {isa = PBXBuildFile; fileRef = 82B18E782076235C005FE02E /* AppDelegate.m */; };
		82B18E7C2076235C005FE02E /* ViewController.m in Sources */ = {isa = PBXBuildFile; fileRef = 82B18E7B2076235C005FE02E /* ViewController.m */; };
		82B18E7F2076235C005FE02E /* Main.storyboard in Resources */ = {isa = PBXBuildFile; fileRef = 82B18E7D2076235C005FE02E /* Main.storyboard */; };
		82B18E812076235C005FE02E /* Assets.xcassets in Resources */ = {isa = PBXBuildFile; fileRef = 82B18E802076235C005FE02E /* Assets.xcassets */; };
		82B18E842076235C005FE02E /* LaunchScreen.storyboard in Resources */ = {isa = PBXBuildFile; fileRef = 82B18E822076235C005FE02E /* LaunchScreen.storyboard */; };
		82B18E872076235C005FE02E /* main.m in Sources */ = {isa = PBXBuildFile; fileRef = 82B18E862076235C005FE02E /* main.m */; };
		82B18E8F20762E95005FE02E /* SafariServices.framework in Frameworks */ = {isa = PBXBuildFile; fileRef = 82B18E8E20762E95005FE02E /* SafariServices.framework */; };
		82B18E9220763315005FE02E /* Captura001.png in Resources */ = {isa = PBXBuildFile; fileRef = 82B18E9120763315005FE02E /* Captura001.png */; };
/* End PBXBuildFile section */

/* Begin PBXFileReference section */
		82B18E742076235C005FE02E /* SFSafariViewController.app */ = {isa = PBXFileReference; explicitFileType = wrapper.application; includeInIndex = 0; path = SFSafariViewController.app; sourceTree = BUILT_PRODUCTS_DIR; };
		82B18E772076235C005FE02E /* AppDelegate.h */ = {isa = PBXFileReference; lastKnownFileType = sourcecode.c.h; path = AppDelegate.h; sourceTree = "<group>"; };
		82B18E782076235C005FE02E /* AppDelegate.m */ = {isa = PBXFileReference; lastKnownFileType = sourcecode.c.objc; path = AppDelegate.m; sourceTree = "<group>"; };
		82B18E7A2076235C005FE02E /* ViewController.h */ = {isa = PBXFileReference; lastKnownFileType = sourcecode.c.h; path = ViewController.h; sourceTree = "<group>"; };
		82B18E7B2076235C005FE02E /* ViewController.m */ = {isa = PBXFileReference; lastKnownFileType = sourcecode.c.objc; path = ViewController.m; sourceTree = "<group>"; };
		82B18E7E2076235C005FE02E /* Base */ = {isa = PBXFileReference; lastKnownFileType = file.storyboard; name = Base; path = Base.lproj/Main.storyboard; sourceTree = "<group>"; };
		82B18E802076235C005FE02E /* Assets.xcassets */ = {isa = PBXFileReference; lastKnownFileType = folder.assetcatalog; path = Assets.xcassets; sourceTree = "<group>"; };
		82B18E832076235C005FE02E /* Base */ = {isa = PBXFileReference; lastKnownFileType = file.storyboard; name = Base; path = Base.lproj/LaunchScreen.storyboard; sourceTree = "<group>"; };
		82B18E852076235C005FE02E /* Info.plist */ = {isa = PBXFileReference; lastKnownFileType = text.plist.xml; path = Info.plist; sourceTree = "<group>"; };
		82B18E862076235C005FE02E /* main.m */ = {isa = PBXFileReference; lastKnownFileType = sourcecode.c.objc; path = main.m; sourceTree = "<group>"; };
		82B18E8E20762E95005FE02E /* SafariServices.framework */ = {isa = PBXFileReference; lastKnownFileType = wrapper.framework; name = SafariServices.framework; path = System/Library/Frameworks/SafariServices.framework; sourceTree = SDKROOT; };
		82B18E9120763315005FE02E /* Captura001.png */ = {isa = PBXFileReference; lastKnownFileType = image.png; path = Captura001.png; sourceTree = "<group>"; };
/* End PBXFileReference section */

/* Begin PBXFrameworksBuildPhase section */
		82B18E712076235C005FE02E /* Frameworks */ = {
			isa = PBXFrameworksBuildPhase;
			buildActionMask = 2147483647;
			files = (
				82B18E8F20762E95005FE02E /* SafariServices.framework in Frameworks */,
			);
			runOnlyForDeploymentPostprocessing = 0;
		};
/* End PBXFrameworksBuildPhase section */

/* Begin PBXGroup section */
		82B18E6B2076235C005FE02E = {
			isa = PBXGroup;
			children = (
				82B18E762076235C005FE02E /* SFSafariViewController */,
				82B18E752076235C005FE02E /* Products */,
				82B18E8D20762E94005FE02E /* Frameworks */,
			);
			sourceTree = "<group>";
		};
		82B18E752076235C005FE02E /* Products */ = {
			isa = PBXGroup;
			children = (
				82B18E742076235C005FE02E /* SFSafariViewController.app */,
			);
			name = Products;
			sourceTree = "<group>";
		};
		82B18E762076235C005FE02E /* SFSafariViewController */ = {
			isa = PBXGroup;
			children = (
				82B18E9020763315005FE02E /* Capturas */,
				82B18E772076235C005FE02E /* AppDelegate.h */,
				82B18E782076235C005FE02E /* AppDelegate.m */,
				82B18E7A2076235C005FE02E /* ViewController.h */,
				82B18E7B2076235C005FE02E /* ViewController.m */,
				82B18E7D2076235C005FE02E /* Main.storyboard */,
				82B18E802076235C005FE02E /* Assets.xcassets */,
				82B18E822076235C005FE02E /* LaunchScreen.storyboard */,
				82B18E852076235C005FE02E /* Info.plist */,
				82B18E862076235C005FE02E /* main.m */,
			);
			path = SFSafariViewController;
			sourceTree = "<group>";
		};
		82B18E8D20762E94005FE02E /* Frameworks */ = {
			isa = PBXGroup;
			children = (
				82B18E8E20762E95005FE02E /* SafariServices.framework */,
			);
			name = Frameworks;
			sourceTree = "<group>";
		};
		82B18E9020763315005FE02E /* Capturas */ = {
			isa = PBXGroup;
			children = (
				82B18E9120763315005FE02E /* Captura001.png */,
			);
			path = Capturas;
			sourceTree = SOURCE_ROOT;
		};
/* End PBXGroup section */

/* Begin PBXNativeTarget section */
		82B18E732076235C005FE02E /* SFSafariViewController */ = {
			isa = PBXNativeTarget;
			buildConfigurationList = 82B18E8A2076235C005FE02E /* Build configuration list for PBXNativeTarget "SFSafariViewController" */;
			buildPhases = (
				82B18E702076235C005FE02E /* Sources */,
				82B18E712076235C005FE02E /* Frameworks */,
				82B18E722076235C005FE02E /* Resources */,
			);
			buildRules = (
			);
			dependencies = (
			);
			name = SFSafariViewController;
			productName = SFSafariViewController;
			productReference = 82B18E742076235C005FE02E /* SFSafariViewController.app */;
			productType = "com.apple.product-type.application";
		};
/* End PBXNativeTarget section */

/* Begin PBXProject section */
		82B18E6C2076235C005FE02E /* Project object */ = {
			isa = PBXProject;
			attributes = {
				LastUpgradeCheck = 0920;
				ORGANIZATIONNAME = Copanonga;
				TargetAttributes = {
					82B18E732076235C005FE02E = {
						CreatedOnToolsVersion = 9.2;
						ProvisioningStyle = Automatic;
					};
				};
			};
			buildConfigurationList = 82B18E6F2076235C005FE02E /* Build configuration list for PBXProject "SFSafariViewController" */;
			compatibilityVersion = "Xcode 8.0";
			developmentRegion = en;
			hasScannedForEncodings = 0;
			knownRegions = (
				en,
				Base,
			);
			mainGroup = 82B18E6B2076235C005FE02E;
			productRefGroup = 82B18E752076235C005FE02E /* Products */;
			projectDirPath = "";
			projectRoot = "";
			targets = (
				82B18E732076235C005FE02E /* SFSafariViewController */,
			);
		};
/* End PBXProject section */

/* Begin PBXResourcesBuildPhase section */
		82B18E722076235C005FE02E /* Resources */ = {
			isa = PBXResourcesBuildPhase;
			buildActionMask = 2147483647;
			files = (
				82B18E842076235C005FE02E /* LaunchScreen.storyboard in Resources */,
				82B18E812076235C005FE02E /* Assets.xcassets in Resources */,
				82B18E9220763315005FE02E /* Captura001.png in Resources */,
				82B18E7F2076235C005FE02E /* Main.storyboard in Resources */,
			);
			runOnlyForDeploymentPostprocessing = 0;
		};
/* End PBXResourcesBuildPhase section */

/* Begin PBXSourcesBuildPhase section */
		82B18E702076235C005FE02E /* Sources */ = {
			isa = PBXSourcesBuildPhase;
			buildActionMask = 2147483647;
			files = (
				82B18E7C2076235C005FE02E /* ViewController.m in Sources */,
				82B18E872076235C005FE02E /* main.m in Sources */,
				82B18E792076235C005FE02E /* AppDelegate.m in Sources */,
			);
			runOnlyForDeploymentPostprocessing = 0;
		};
/* End PBXSourcesBuildPhase section */

/* Begin PBXVariantGroup section */
		82B18E7D2076235C005FE02E /* Main.storyboard */ = {
			isa = PBXVariantGroup;
			children = (
				82B18E7E2076235C005FE02E /* Base */,
			);
			name = Main.storyboard;
			sourceTree = "<group>";
		};
		82B18E822076235C005FE02E /* LaunchScreen.storyboard */ = {
			isa = PBXVariantGroup;
			children = (
				82B18E832076235C005FE02E /* Base */,
			);
			name = LaunchScreen.storyboard;
			sourceTree = "<group>";
		};
/* End PBXVariantGroup section */

/* Begin XCBuildConfiguration section */
		82B18E882076235C005FE02E /* Debug */ = {
			isa = XCBuildConfiguration;
			buildSettings = {
				ALWAYS_SEARCH_USER_PATHS = NO;
				CLANG_ANALYZER_NONNULL = YES;
				CLANG_ANALYZER_NUMBER_OBJECT_CONVERSION = YES_AGGRESSIVE;
				CLANG_CXX_LANGUAGE_STANDARD = "gnu++14";
				CLANG_CXX_LIBRARY = "libc++";
				CLANG_ENABLE_MODULES = YES;
				CLANG_ENABLE_OBJC_ARC = YES;
				CLANG_WARN_BLOCK_CAPTURE_AUTORELEASING = YES;
				CLANG_WARN_BOOL_CONVERSION = YES;
				CLANG_WARN_COMMA = YES;
				CLANG_WARN_CONSTANT_CONVERSION = YES;
				CLANG_WARN_DIRECT_OBJC_ISA_USAGE = YES_ERROR;
				CLANG_WARN_DOCUMENTATION_COMMENTS = YES;
				CLANG_WARN_EMPTY_BODY = YES;
				CLANG_WARN_ENUM_CONVERSION = YES;
				CLANG_WARN_INFINITE_RECURSION = YES;
				CLANG_WARN_INT_CONVERSION = YES;
				CLANG_WARN_NON_LITERAL_NULL_CONVERSION = YES;
				CLANG_WARN_OBJC_LITERAL_CONVERSION = YES;
				CLANG_WARN_OBJC_ROOT_CLASS = YES_ERROR;
				CLANG_WARN_RANGE_LOOP_ANALYSIS = YES;
				CLANG_WARN_STRICT_PROTOTYPES = YES;
				CLANG_WARN_SUSPICIOUS_MOVE = YES;
				CLANG_WARN_UNGUARDED_AVAILABILITY = YES_AGGRESSIVE;
				CLANG_WARN_UNREACHABLE_CODE = YES;
				CLANG_WARN__DUPLICATE_METHOD_MATCH = YES;
				CODE_SIGN_IDENTITY = "iPhone Developer";
				COPY_PHASE_STRIP = NO;
				DEBUG_INFORMATION_FORMAT = dwarf;
				ENABLE_STRICT_OBJC_MSGSEND = YES;
				ENABLE_TESTABILITY = YES;
				GCC_C_LANGUAGE_STANDARD = gnu11;
				GCC_DYNAMIC_NO_PIC = NO;
				GCC_NO_COMMON_BLOCKS = YES;
				GCC_OPTIMIZATION_LEVEL = 0;
				GCC_PREPROCESSOR_DEFINITIONS = (
					"DEBUG=1",
					"$(inherited)",
				);
				GCC_WARN_64_TO_32_BIT_CONVERSION = YES;
				GCC_WARN_ABOUT_RETURN_TYPE = YES_ERROR;
				GCC_WARN_UNDECLARED_SELECTOR = YES;
				GCC_WARN_UNINITIALIZED_AUTOS = YES_AGGRESSIVE;
				GCC_WARN_UNUSED_FUNCTION = YES;
				GCC_WARN_UNUSED_VARIABLE = YES;
				IPHONEOS_DEPLOYMENT_TARGET = 11.2;
				MTL_ENABLE_DEBUG_INFO = YES;
				ONLY_ACTIVE_ARCH = YES;
				SDKROOT = iphoneos;
			};
			name = Debug;
		};
		82B18E892076235C005FE02E /* Release */ = {
			isa = XCBuildConfiguration;
			buildSettings = {
				ALWAYS_SEARCH_USER_PATHS = NO;
				CLANG_ANALYZER_NONNULL = YES;
				CLANG_ANALYZER_NUMBER_OBJECT_CONVERSION = YES_AGGRESSIVE;
				CLANG_CXX_LANGUAGE_STANDARD = "gnu++14";
				CLANG_CXX_LIBRARY = "libc++";
				CLANG_ENABLE_MODULES = YES;
				CLANG_ENABLE_OBJC_ARC = YES;
				CLANG_WARN_BLOCK_CAPTURE_AUTORELEASING = YES;
				CLANG_WARN_BOOL_CONVERSION = YES;
				CLANG_WARN_COMMA = YES;
				CLANG_WARN_CONSTANT_CONVERSION = YES;
				CLANG_WARN_DIRECT_OBJC_ISA_USAGE = YES_ERROR;
				CLANG_WARN_DOCUMENTATION_COMMENTS = YES;
				CLANG_WARN_EMPTY_BODY = YES;
				CLANG_WARN_ENUM_CONVERSION = YES;
				CLANG_WARN_INFINITE_RECURSION = YES;
				CLANG_WARN_INT_CONVERSION = YES;
				CLANG_WARN_NON_LITERAL_NULL_CONVERSION = YES;
				CLANG_WARN_OBJC_LITERAL_CONVERSION = YES;
				CLANG_WARN_OBJC_ROOT_CLASS = YES_ERROR;
				CLANG_WARN_RANGE_LOOP_ANALYSIS = YES;
				CLANG_WARN_STRICT_PROTOTYPES = YES;
				CLANG_WARN_SUSPICIOUS_MOVE = YES;
				CLANG_WARN_UNGUARDED_AVAILABILITY = YES_AGGRESSIVE;
				CLANG_WARN_UNREACHABLE_CODE = YES;
				CLANG_WARN__DUPLICATE_METHOD_MATCH = YES;
				CODE_SIGN_IDENTITY = "iPhone Developer";
				COPY_PHASE_STRIP = NO;
				DEBUG_INFORMATION_FORMAT = "dwarf-with-dsym";
				ENABLE_NS_ASSERTIONS = NO;
				ENABLE_STRICT_OBJC_MSGSEND = YES;
				GCC_C_LANGUAGE_STANDARD = gnu11;
				GCC_NO_COMMON_BLOCKS = YES;
				GCC_WARN_64_TO_32_BIT_CONVERSION = YES;
				GCC_WARN_ABOUT_RETURN_TYPE = YES_ERROR;
				GCC_WARN_UNDECLARED_SELECTOR = YES;
				GCC_WARN_UNINITIALIZED_AUTOS = YES_AGGRESSIVE;
				GCC_WARN_UNUSED_FUNCTION = YES;
				GCC_WARN_UNUSED_VARIABLE = YES;
				IPHONEOS_DEPLOYMENT_TARGET = 11.2;
				MTL_ENABLE_DEBUG_INFO = NO;
				SDKROOT = iphoneos;
				VALIDATE_PRODUCT = YES;
			};
			name = Release;
		};
		82B18E8B2076235C005FE02E /* Debug */ = {
			isa = XCBuildConfiguration;
			buildSettings = {
				ASSETCATALOG_COMPILER_APPICON_NAME = AppIcon;
				CODE_SIGN_STYLE = Automatic;
				DEVELOPMENT_TEAM = YDEAZDPJXZ;
				INFOPLIST_FILE = SFSafariViewController/Info.plist;
				LD_RUNPATH_SEARCH_PATHS = "$(inherited) @executable_path/Frameworks";
				PRODUCT_BUNDLE_IDENTIFIER = com.copanonga.SFSafariViewController;
				PRODUCT_NAME = "$(TARGET_NAME)";
				TARGETED_DEVICE_FAMILY = "1,2";
			};
			name = Debug;
		};
		82B18E8C2076235C005FE02E /* Release */ = {
			isa = XCBuildConfiguration;
			buildSettings = {
				ASSETCATALOG_COMPILER_APPICON_NAME = AppIcon;
				CODE_SIGN_STYLE = Automatic;
				DEVELOPMENT_TEAM = YDEAZDPJXZ;
				INFOPLIST_FILE = SFSafariViewController/Info.plist;
				LD_RUNPATH_SEARCH_PATHS = "$(inherited) @executable_path/Frameworks";
				PRODUCT_BUNDLE_IDENTIFIER = com.copanonga.SFSafariViewController;
				PRODUCT_NAME = "$(TARGET_NAME)";
				TARGETED_DEVICE_FAMILY = "1,2";
			};
			name = Release;
		};
/* End XCBuildConfiguration section */

/* Begin XCConfigurationList section */
		82B18E6F2076235C005FE02E /* Build configuration list for PBXProject "SFSafariViewController" */ = {
			isa = XCConfigurationList;
			buildConfigurations = (
				82B18E882076235C005FE02E /* Debug */,
				82B18E892076235C005FE02E /* Release */,
			);
			defaultConfigurationIsVisible = 0;
			defaultConfigurationName = Release;
		};
		82B18E8A2076235C005FE02E /* Build configuration list for PBXNativeTarget "SFSafariViewController" */ = {
			isa = XCConfigurationList;
			buildConfigurations = (
				82B18E8B2076235C005FE02E /* Debug */,
				82B18E8C2076235C005FE02E /* Release */,
			);
			defaultConfigurationIsVisible = 0;
			defaultConfigurationName = Release;
		};
/* End XCConfigurationList section */
	};
	rootObject = 82B18E6C2076235C005FE02E /* Project object */;
}
